
Microsoft Visual Studio Solution File, Format Version 12.00
# Visual Studio Express 2013 for Windows Desktop
VisualStudioVersion = 12.0.21005.1
MinimumVisualStudioVersion = 10.0.40219.1
Project("{FAE04EC0-301F-11D3-BF4B-00C04F79EFBC}") = "TestMultiThreadNET", "TestMultiThreadNET\TestMultiThreadNET.csproj", "{D60C3372-DDDC-4164-A178-628B3B767C5D}"
EndProject
Project("{8BC9CEB8-8B4A-11D0-8D11-00A0C91BC942}") = "EDSEngineNET", "..\EDSEngineNET\EDSEngineNET2013.vcxproj", "{C035245F-9D98-4585-8350-6E1CDD5ADAC3}"
	ProjectSection(ProjectDependencies) = postProject
		{25AC6F18-490C-4ABF-97A5-07A74CFD0C3E} = {25AC6F18-490C-4ABF-97A5-07A74CFD0C3E}
	EndProjectSection
EndProject
Project("{8BC9CEB8-8B4A-11D0-8D11-00A0C91BC942}") = "EDSEngine", "..\EDSEngine\EDSEngine2013.vcxproj", "{25AC6F18-490C-4ABF-97A5-07A74CFD0C3E}"
EndProject
Project("{8BC9CEB8-8B4A-11D0-8D11-00A0C91BC942}") = "TestMultiThread", "TestMultiThread\TestMultiThread.vcxproj", "{F86004FC-593F-4964-9710-443EA117C409}"
	ProjectSection(ProjectDependencies) = postProject
		{25AC6F18-490C-4ABF-97A5-07A74CFD0C3E} = {25AC6F18-490C-4ABF-97A5-07A74CFD0C3E}
	EndProjectSection
EndProject
Global
	GlobalSection(SolutionConfigurationPlatforms) = preSolution
		Debug Libxml|Any CPU = Debug Libxml|Any CPU
		Debug Libxml|Mixed Platforms = Debug Libxml|Mixed Platforms
		Debug Libxml|Win32 = Debug Libxml|Win32
		Debug Libxml|x64 = Debug Libxml|x64
		Debug Libxml|x86 = Debug Libxml|x86
		Debug MSXML Python|Any CPU = Debug MSXML Python|Any CPU
		Debug MSXML Python|Mixed Platforms = Debug MSXML Python|Mixed Platforms
		Debug MSXML Python|Win32 = Debug MSXML Python|Win32
		Debug MSXML Python|x64 = Debug MSXML Python|x64
		Debug MSXML Python|x86 = Debug MSXML Python|x86
		Debug MSXML|Any CPU = Debug MSXML|Any CPU
		Debug MSXML|Mixed Platforms = Debug MSXML|Mixed Platforms
		Debug MSXML|Win32 = Debug MSXML|Win32
		Debug MSXML|x64 = Debug MSXML|x64
		Debug MSXML|x86 = Debug MSXML|x86
		Debug|Any CPU = Debug|Any CPU
		Debug|Mixed Platforms = Debug|Mixed Platforms
		Debug|Win32 = Debug|Win32
		Debug|x64 = Debug|x64
		Debug|x86 = Debug|x86
		Release Libxml|Any CPU = Release Libxml|Any CPU
		Release Libxml|Mixed Platforms = Release Libxml|Mixed Platforms
		Release Libxml|Win32 = Release Libxml|Win32
		Release Libxml|x64 = Release Libxml|x64
		Release Libxml|x86 = Release Libxml|x86
		Release MSXML Python|Any CPU = Release MSXML Python|Any CPU
		Release MSXML Python|Mixed Platforms = Release MSXML Python|Mixed Platforms
		Release MSXML Python|Win32 = Release MSXML Python|Win32
		Release MSXML Python|x64 = Release MSXML Python|x64
		Release MSXML Python|x86 = Release MSXML Python|x86
		Release MSXML|Any CPU = Release MSXML|Any CPU
		Release MSXML|Mixed Platforms = Release MSXML|Mixed Platforms
		Release MSXML|Win32 = Release MSXML|Win32
		Release MSXML|x64 = Release MSXML|x64
		Release MSXML|x86 = Release MSXML|x86
		Release|Any CPU = Release|Any CPU
		Release|Mixed Platforms = Release|Mixed Platforms
		Release|Win32 = Release|Win32
		Release|x64 = Release|x64
		Release|x86 = Release|x86
	EndGlobalSection
	GlobalSection(ProjectConfigurationPlatforms) = postSolution
		{D60C3372-DDDC-4164-A178-628B3B767C5D}.Debug Libxml|Any CPU.ActiveCfg = Debug|Any CPU
		{D60C3372-DDDC-4164-A178-628B3B767C5D}.Debug Libxml|Any CPU.Build.0 = Debug|Any CPU
		{D60C3372-DDDC-4164-A178-628B3B767C5D}.Debug Libxml|Mixed Platforms.ActiveCfg = Debug|Any CPU
		{D60C3372-DDDC-4164-A178-628B3B767C5D}.Debug Libxml|Mixed Platforms.Build.0 = Debug|Any CPU
		{D60C3372-DDDC-4164-A178-628B3B767C5D}.Debug Libxml|Win32.ActiveCfg = Debug|Any CPU
		{D60C3372-DDDC-4164-A178-628B3B767C5D}.Debug Libxml|x64.ActiveCfg = Debug|Any CPU
		{D60C3372-DDDC-4164-A178-628B3B767C5D}.Debug Libxml|x86.ActiveCfg = Debug|x86
		{D60C3372-DDDC-4164-A178-628B3B767C5D}.Debug Libxml|x86.Build.0 = Debug|x86
		{D60C3372-DDDC-4164-A178-628B3B767C5D}.Debug MSXML Python|Any CPU.ActiveCfg = Debug|Any CPU
		{D60C3372-DDDC-4164-A178-628B3B767C5D}.Debug MSXML Python|Any CPU.Build.0 = Debug|Any CPU
		{D60C3372-DDDC-4164-A178-628B3B767C5D}.Debug MSXML Python|Mixed Platforms.ActiveCfg = Debug|Any CPU
		{D60C3372-DDDC-4164-A178-628B3B767C5D}.Debug MSXML Python|Mixed Platforms.Build.0 = Debug|Any CPU
		{D60C3372-DDDC-4164-A178-628B3B767C5D}.Debug MSXML Python|Win32.ActiveCfg = Debug|Any CPU
		{D60C3372-DDDC-4164-A178-628B3B767C5D}.Debug MSXML Python|x64.ActiveCfg = Debug|Any CPU
		{D60C3372-DDDC-4164-A178-628B3B767C5D}.Debug MSXML Python|x86.ActiveCfg = Debug|x86
		{D60C3372-DDDC-4164-A178-628B3B767C5D}.Debug MSXML Python|x86.Build.0 = Debug|x86
		{D60C3372-DDDC-4164-A178-628B3B767C5D}.Debug MSXML|Any CPU.ActiveCfg = Debug|Any CPU
		{D60C3372-DDDC-4164-A178-628B3B767C5D}.Debug MSXML|Any CPU.Build.0 = Debug|Any CPU
		{D60C3372-DDDC-4164-A178-628B3B767C5D}.Debug MSXML|Mixed Platforms.ActiveCfg = Debug|Any CPU
		{D60C3372-DDDC-4164-A178-628B3B767C5D}.Debug MSXML|Mixed Platforms.Build.0 = Debug|Any CPU
		{D60C3372-DDDC-4164-A178-628B3B767C5D}.Debug MSXML|Win32.ActiveCfg = Debug|Any CPU
		{D60C3372-DDDC-4164-A178-628B3B767C5D}.Debug MSXML|x64.ActiveCfg = Debug|Any CPU
		{D60C3372-DDDC-4164-A178-628B3B767C5D}.Debug MSXML|x86.ActiveCfg = Debug|x86
		{D60C3372-DDDC-4164-A178-628B3B767C5D}.Debug MSXML|x86.Build.0 = Debug|x86
		{D60C3372-DDDC-4164-A178-628B3B767C5D}.Debug|Any CPU.ActiveCfg = Debug|Any CPU
		{D60C3372-DDDC-4164-A178-628B3B767C5D}.Debug|Any CPU.Build.0 = Debug|Any CPU
		{D60C3372-DDDC-4164-A178-628B3B767C5D}.Debug|Mixed Platforms.ActiveCfg = Debug|Any CPU
		{D60C3372-DDDC-4164-A178-628B3B767C5D}.Debug|Mixed Platforms.Build.0 = Debug|Any CPU
		{D60C3372-DDDC-4164-A178-628B3B767C5D}.Debug|Win32.ActiveCfg = Debug|Any CPU
		{D60C3372-DDDC-4164-A178-628B3B767C5D}.Debug|x64.ActiveCfg = Debug|Any CPU
		{D60C3372-DDDC-4164-A178-628B3B767C5D}.Debug|x86.ActiveCfg = Debug|x86
		{D60C3372-DDDC-4164-A178-628B3B767C5D}.Debug|x86.Build.0 = Debug|x86
		{D60C3372-DDDC-4164-A178-628B3B767C5D}.Release Libxml|Any CPU.ActiveCfg = Release|Any CPU
		{D60C3372-DDDC-4164-A178-628B3B767C5D}.Release Libxml|Any CPU.Build.0 = Release|Any CPU
		{D60C3372-DDDC-4164-A178-628B3B767C5D}.Release Libxml|Mixed Platforms.ActiveCfg = Release|Any CPU
		{D60C3372-DDDC-4164-A178-628B3B767C5D}.Release Libxml|Mixed Platforms.Build.0 = Release|Any CPU
		{D60C3372-DDDC-4164-A178-628B3B767C5D}.Release Libxml|Win32.ActiveCfg = Release|Any CPU
		{D60C3372-DDDC-4164-A178-628B3B767C5D}.Release Libxml|x64.ActiveCfg = Release|Any CPU
		{D60C3372-DDDC-4164-A178-628B3B767C5D}.Release Libxml|x86.ActiveCfg = Release|x86
		{D60C3372-DDDC-4164-A178-628B3B767C5D}.Release Libxml|x86.Build.0 = Release|x86
		{D60C3372-DDDC-4164-A178-628B3B767C5D}.Release MSXML Python|Any CPU.ActiveCfg = Release|Any CPU
		{D60C3372-DDDC-4164-A178-628B3B767C5D}.Release MSXML Python|Any CPU.Build.0 = Release|Any CPU
		{D60C3372-DDDC-4164-A178-628B3B767C5D}.Release MSXML Python|Mixed Platforms.ActiveCfg = Release|Any CPU
		{D60C3372-DDDC-4164-A178-628B3B767C5D}.Release MSXML Python|Mixed Platforms.Build.0 = Release|Any CPU
		{D60C3372-DDDC-4164-A178-628B3B767C5D}.Release MSXML Python|Win32.ActiveCfg = Release|Any CPU
		{D60C3372-DDDC-4164-A178-628B3B767C5D}.Release MSXML Python|x64.ActiveCfg = Release|Any CPU
		{D60C3372-DDDC-4164-A178-628B3B767C5D}.Release MSXML Python|x86.ActiveCfg = Release|x86
		{D60C3372-DDDC-4164-A178-628B3B767C5D}.Release MSXML Python|x86.Build.0 = Release|x86
		{D60C3372-DDDC-4164-A178-628B3B767C5D}.Release MSXML|Any CPU.ActiveCfg = Release|Any CPU
		{D60C3372-DDDC-4164-A178-628B3B767C5D}.Release MSXML|Any CPU.Build.0 = Release|Any CPU
		{D60C3372-DDDC-4164-A178-628B3B767C5D}.Release MSXML|Mixed Platforms.ActiveCfg = Release|Any CPU
		{D60C3372-DDDC-4164-A178-628B3B767C5D}.Release MSXML|Mixed Platforms.Build.0 = Release|Any CPU
		{D60C3372-DDDC-4164-A178-628B3B767C5D}.Release MSXML|Win32.ActiveCfg = Release|Any CPU
		{D60C3372-DDDC-4164-A178-628B3B767C5D}.Release MSXML|x64.ActiveCfg = Release|Any CPU
		{D60C3372-DDDC-4164-A178-628B3B767C5D}.Release MSXML|x86.ActiveCfg = Release|x86
		{D60C3372-DDDC-4164-A178-628B3B767C5D}.Release MSXML|x86.Build.0 = Release|x86
		{D60C3372-DDDC-4164-A178-628B3B767C5D}.Release|Any CPU.ActiveCfg = Release|Any CPU
		{D60C3372-DDDC-4164-A178-628B3B767C5D}.Release|Any CPU.Build.0 = Release|Any CPU
		{D60C3372-DDDC-4164-A178-628B3B767C5D}.Release|Mixed Platforms.ActiveCfg = Release|Any CPU
		{D60C3372-DDDC-4164-A178-628B3B767C5D}.Release|Mixed Platforms.Build.0 = Release|Any CPU
		{D60C3372-DDDC-4164-A178-628B3B767C5D}.Release|Win32.ActiveCfg = Release|Any CPU
		{D60C3372-DDDC-4164-A178-628B3B767C5D}.Release|x64.ActiveCfg = Release|Any CPU
		{D60C3372-DDDC-4164-A178-628B3B767C5D}.Release|x86.ActiveCfg = Release|x86
		{D60C3372-DDDC-4164-A178-628B3B767C5D}.Release|x86.Build.0 = Release|x86
		{C035245F-9D98-4585-8350-6E1CDD5ADAC3}.Debug Libxml|Any CPU.ActiveCfg = Debug|Win32
		{C035245F-9D98-4585-8350-6E1CDD5ADAC3}.Debug Libxml|Mixed Platforms.ActiveCfg = Debug|Win32
		{C035245F-9D98-4585-8350-6E1CDD5ADAC3}.Debug Libxml|Mixed Platforms.Build.0 = Debug|Win32
		{C035245F-9D98-4585-8350-6E1CDD5ADAC3}.Debug Libxml|Win32.ActiveCfg = Debug|Win32
		{C035245F-9D98-4585-8350-6E1CDD5ADAC3}.Debug Libxml|Win32.Build.0 = Debug|Win32
		{C035245F-9D98-4585-8350-6E1CDD5ADAC3}.Debug Libxml|x64.ActiveCfg = Debug|x64
		{C035245F-9D98-4585-8350-6E1CDD5ADAC3}.Debug Libxml|x64.Build.0 = Debug|x64
		{C035245F-9D98-4585-8350-6E1CDD5ADAC3}.Debug Libxml|x86.ActiveCfg = Debug|Win32
		{C035245F-9D98-4585-8350-6E1CDD5ADAC3}.Debug Libxml|x86.Build.0 = Debug|Win32
		{C035245F-9D98-4585-8350-6E1CDD5ADAC3}.Debug MSXML Python|Any CPU.ActiveCfg = Debug|Win32
		{C035245F-9D98-4585-8350-6E1CDD5ADAC3}.Debug MSXML Python|Mixed Platforms.ActiveCfg = Debug|Win32
		{C035245F-9D98-4585-8350-6E1CDD5ADAC3}.Debug MSXML Python|Mixed Platforms.Build.0 = Debug|Win32
		{C035245F-9D98-4585-8350-6E1CDD5ADAC3}.Debug MSXML Python|Win32.ActiveCfg = Debug|Win32
		{C035245F-9D98-4585-8350-6E1CDD5ADAC3}.Debug MSXML Python|Win32.Build.0 = Debug|Win32
		{C035245F-9D98-4585-8350-6E1CDD5ADAC3}.Debug MSXML Python|x64.ActiveCfg = Debug|x64
		{C035245F-9D98-4585-8350-6E1CDD5ADAC3}.Debug MSXML Python|x64.Build.0 = Debug|x64
		{C035245F-9D98-4585-8350-6E1CDD5ADAC3}.Debug MSXML Python|x86.ActiveCfg = Debug|Win32
		{C035245F-9D98-4585-8350-6E1CDD5ADAC3}.Debug MSXML Python|x86.Build.0 = Debug|Win32
		{C035245F-9D98-4585-8350-6E1CDD5ADAC3}.Debug MSXML|Any CPU.ActiveCfg = Debug|Win32
		{C035245F-9D98-4585-8350-6E1CDD5ADAC3}.Debug MSXML|Any CPU.Build.0 = Debug|Win32
		{C035245F-9D98-4585-8350-6E1CDD5ADAC3}.Debug MSXML|Mixed Platforms.ActiveCfg = Debug|Win32
		{C035245F-9D98-4585-8350-6E1CDD5ADAC3}.Debug MSXML|Mixed Platforms.Build.0 = Debug|Win32
		{C035245F-9D98-4585-8350-6E1CDD5ADAC3}.Debug MSXML|Win32.ActiveCfg = Debug|Win32
		{C035245F-9D98-4585-8350-6E1CDD5ADAC3}.Debug MSXML|Win32.Build.0 = Debug|Win32
		{C035245F-9D98-4585-8350-6E1CDD5ADAC3}.Debug MSXML|x64.ActiveCfg = Debug|x64
		{C035245F-9D98-4585-8350-6E1CDD5ADAC3}.Debug MSXML|x64.Build.0 = Debug|x64
		{C035245F-9D98-4585-8350-6E1CDD5ADAC3}.Debug MSXML|x86.ActiveCfg = Debug|Win32
		{C035245F-9D98-4585-8350-6E1CDD5ADAC3}.Debug MSXML|x86.Build.0 = Debug|Win32
		{C035245F-9D98-4585-8350-6E1CDD5ADAC3}.Debug|Any CPU.ActiveCfg = Debug|Win32
		{C035245F-9D98-4585-8350-6E1CDD5ADAC3}.Debug|Mixed Platforms.ActiveCfg = Debug|Win32
		{C035245F-9D98-4585-8350-6E1CDD5ADAC3}.Debug|Mixed Platforms.Build.0 = Debug|Win32
		{C035245F-9D98-4585-8350-6E1CDD5ADAC3}.Debug|Win32.ActiveCfg = Debug|Win32
		{C035245F-9D98-4585-8350-6E1CDD5ADAC3}.Debug|Win32.Build.0 = Debug|Win32
		{C035245F-9D98-4585-8350-6E1CDD5ADAC3}.Debug|x64.ActiveCfg = Debug|x64
		{C035245F-9D98-4585-8350-6E1CDD5ADAC3}.Debug|x64.Build.0 = Debug|x64
		{C035245F-9D98-4585-8350-6E1CDD5ADAC3}.Debug|x86.ActiveCfg = Debug|Win32
		{C035245F-9D98-4585-8350-6E1CDD5ADAC3}.Debug|x86.Build.0 = Debug|Win32
		{C035245F-9D98-4585-8350-6E1CDD5ADAC3}.Release Libxml|Any CPU.ActiveCfg = Release|Win32
		{C035245F-9D98-4585-8350-6E1CDD5ADAC3}.Release Libxml|Mixed Platforms.ActiveCfg = Release|Win32
		{C035245F-9D98-4585-8350-6E1CDD5ADAC3}.Release Libxml|Mixed Platforms.Build.0 = Release|Win32
		{C035245F-9D98-4585-8350-6E1CDD5ADAC3}.Release Libxml|Win32.ActiveCfg = Release|Win32
		{C035245F-9D98-4585-8350-6E1CDD5ADAC3}.Release Libxml|Win32.Build.0 = Release|Win32
		{C035245F-9D98-4585-8350-6E1CDD5ADAC3}.Release Libxml|x64.ActiveCfg = Release|x64
		{C035245F-9D98-4585-8350-6E1CDD5ADAC3}.Release Libxml|x64.Build.0 = Release|x64
		{C035245F-9D98-4585-8350-6E1CDD5ADAC3}.Release Libxml|x86.ActiveCfg = Release|Win32
		{C035245F-9D98-4585-8350-6E1CDD5ADAC3}.Release Libxml|x86.Build.0 = Release|Win32
		{C035245F-9D98-4585-8350-6E1CDD5ADAC3}.Release MSXML Python|Any CPU.ActiveCfg = Release|Win32
		{C035245F-9D98-4585-8350-6E1CDD5ADAC3}.Release MSXML Python|Mixed Platforms.ActiveCfg = Release|Win32
		{C035245F-9D98-4585-8350-6E1CDD5ADAC3}.Release MSXML Python|Mixed Platforms.Build.0 = Release|Win32
		{C035245F-9D98-4585-8350-6E1CDD5ADAC3}.Release MSXML Python|Win32.ActiveCfg = Release|Win32
		{C035245F-9D98-4585-8350-6E1CDD5ADAC3}.Release MSXML Python|Win32.Build.0 = Release|Win32
		{C035245F-9D98-4585-8350-6E1CDD5ADAC3}.Release MSXML Python|x64.ActiveCfg = Release|x64
		{C035245F-9D98-4585-8350-6E1CDD5ADAC3}.Release MSXML Python|x64.Build.0 = Release|x64
		{C035245F-9D98-4585-8350-6E1CDD5ADAC3}.Release MSXML Python|x86.ActiveCfg = Release|Win32
		{C035245F-9D98-4585-8350-6E1CDD5ADAC3}.Release MSXML Python|x86.Build.0 = Release|Win32
		{C035245F-9D98-4585-8350-6E1CDD5ADAC3}.Release MSXML|Any CPU.ActiveCfg = Release|Win32
		{C035245F-9D98-4585-8350-6E1CDD5ADAC3}.Release MSXML|Any CPU.Build.0 = Release|Win32
		{C035245F-9D98-4585-8350-6E1CDD5ADAC3}.Release MSXML|Mixed Platforms.ActiveCfg = Release|Win32
		{C035245F-9D98-4585-8350-6E1CDD5ADAC3}.Release MSXML|Mixed Platforms.Build.0 = Release|Win32
		{C035245F-9D98-4585-8350-6E1CDD5ADAC3}.Release MSXML|Win32.ActiveCfg = Release|Win32
		{C035245F-9D98-4585-8350-6E1CDD5ADAC3}.Release MSXML|Win32.Build.0 = Release|Win32
		{C035245F-9D98-4585-8350-6E1CDD5ADAC3}.Release MSXML|x64.ActiveCfg = Release|x64
		{C035245F-9D98-4585-8350-6E1CDD5ADAC3}.Release MSXML|x64.Build.0 = Release|x64
		{C035245F-9D98-4585-8350-6E1CDD5ADAC3}.Release MSXML|x86.ActiveCfg = Release|Win32
		{C035245F-9D98-4585-8350-6E1CDD5ADAC3}.Release MSXML|x86.Build.0 = Release|Win32
		{C035245F-9D98-4585-8350-6E1CDD5ADAC3}.Release|Any CPU.ActiveCfg = Release|Win32
		{C035245F-9D98-4585-8350-6E1CDD5ADAC3}.Release|Mixed Platforms.ActiveCfg = Release|Win32
		{C035245F-9D98-4585-8350-6E1CDD5ADAC3}.Release|Mixed Platforms.Build.0 = Release|Win32
		{C035245F-9D98-4585-8350-6E1CDD5ADAC3}.Release|Win32.ActiveCfg = Release|Win32
		{C035245F-9D98-4585-8350-6E1CDD5ADAC3}.Release|Win32.Build.0 = Release|Win32
		{C035245F-9D98-4585-8350-6E1CDD5ADAC3}.Release|x64.ActiveCfg = Release|x64
		{C035245F-9D98-4585-8350-6E1CDD5ADAC3}.Release|x64.Build.0 = Release|x64
		{C035245F-9D98-4585-8350-6E1CDD5ADAC3}.Release|x86.ActiveCfg = Release|Win32
		{C035245F-9D98-4585-8350-6E1CDD5ADAC3}.Release|x86.Build.0 = Release|Win32
		{25AC6F18-490C-4ABF-97A5-07A74CFD0C3E}.Debug Libxml|Any CPU.ActiveCfg = Debug Libxml|Win32
		{25AC6F18-490C-4ABF-97A5-07A74CFD0C3E}.Debug Libxml|Mixed Platforms.ActiveCfg = Debug Libxml|Win32
		{25AC6F18-490C-4ABF-97A5-07A74CFD0C3E}.Debug Libxml|Mixed Platforms.Build.0 = Debug Libxml|Win32
		{25AC6F18-490C-4ABF-97A5-07A74CFD0C3E}.Debug Libxml|Win32.ActiveCfg = Debug Libxml|Win32
		{25AC6F18-490C-4ABF-97A5-07A74CFD0C3E}.Debug Libxml|Win32.Build.0 = Debug Libxml|Win32
		{25AC6F18-490C-4ABF-97A5-07A74CFD0C3E}.Debug Libxml|x64.ActiveCfg = Debug Libxml|x64
		{25AC6F18-490C-4ABF-97A5-07A74CFD0C3E}.Debug Libxml|x64.Build.0 = Debug Libxml|x64
		{25AC6F18-490C-4ABF-97A5-07A74CFD0C3E}.Debug Libxml|x86.ActiveCfg = Debug Libxml|Win32
		{25AC6F18-490C-4ABF-97A5-07A74CFD0C3E}.Debug Libxml|x86.Build.0 = Debug Libxml|Win32
		{25AC6F18-490C-4ABF-97A5-07A74CFD0C3E}.Debug MSXML Python|Any CPU.ActiveCfg = Debug MSXML Python|Win32
		{25AC6F18-490C-4ABF-97A5-07A74CFD0C3E}.Debug MSXML Python|Mixed Platforms.ActiveCfg = Debug MSXML Python|Win32
		{25AC6F18-490C-4ABF-97A5-07A74CFD0C3E}.Debug MSXML Python|Mixed Platforms.Build.0 = Debug MSXML Python|Win32
		{25AC6F18-490C-4ABF-97A5-07A74CFD0C3E}.Debug MSXML Python|Win32.ActiveCfg = Debug MSXML Python|Win32
		{25AC6F18-490C-4ABF-97A5-07A74CFD0C3E}.Debug MSXML Python|Win32.Build.0 = Debug MSXML Python|Win32
		{25AC6F18-490C-4ABF-97A5-07A74CFD0C3E}.Debug MSXML Python|x64.ActiveCfg = Debug MSXML Python|x64
		{25AC6F18-490C-4ABF-97A5-07A74CFD0C3E}.Debug MSXML Python|x64.Build.0 = Debug MSXML Python|x64
		{25AC6F18-490C-4ABF-97A5-07A74CFD0C3E}.Debug MSXML Python|x86.ActiveCfg = Debug MSXML Python|Win32
		{25AC6F18-490C-4ABF-97A5-07A74CFD0C3E}.Debug MSXML Python|x86.Build.0 = Debug MSXML Python|Win32
		{25AC6F18-490C-4ABF-97A5-07A74CFD0C3E}.Debug MSXML|Any CPU.ActiveCfg = Debug MSXML|Win32
		{25AC6F18-490C-4ABF-97A5-07A74CFD0C3E}.Debug MSXML|Any CPU.Build.0 = Debug MSXML|Win32
		{25AC6F18-490C-4ABF-97A5-07A74CFD0C3E}.Debug MSXML|Mixed Platforms.ActiveCfg = Debug MSXML|Win32
		{25AC6F18-490C-4ABF-97A5-07A74CFD0C3E}.Debug MSXML|Mixed Platforms.Build.0 = Debug MSXML|Win32
		{25AC6F18-490C-4ABF-97A5-07A74CFD0C3E}.Debug MSXML|Win32.ActiveCfg = Debug MSXML|Win32
		{25AC6F18-490C-4ABF-97A5-07A74CFD0C3E}.Debug MSXML|Win32.Build.0 = Debug MSXML|Win32
		{25AC6F18-490C-4ABF-97A5-07A74CFD0C3E}.Debug MSXML|x64.ActiveCfg = Debug MSXML|x64
		{25AC6F18-490C-4ABF-97A5-07A74CFD0C3E}.Debug MSXML|x64.Build.0 = Debug MSXML|x64
		{25AC6F18-490C-4ABF-97A5-07A74CFD0C3E}.Debug MSXML|x86.ActiveCfg = Debug MSXML|Win32
		{25AC6F18-490C-4ABF-97A5-07A74CFD0C3E}.Debug MSXML|x86.Build.0 = Debug MSXML|Win32
		{25AC6F18-490C-4ABF-97A5-07A74CFD0C3E}.Debug|Any CPU.ActiveCfg = Debug Libxml|Win32
		{25AC6F18-490C-4ABF-97A5-07A74CFD0C3E}.Debug|Mixed Platforms.ActiveCfg = Debug Libxml|Win32
		{25AC6F18-490C-4ABF-97A5-07A74CFD0C3E}.Debug|Mixed Platforms.Build.0 = Debug Libxml|Win32
		{25AC6F18-490C-4ABF-97A5-07A74CFD0C3E}.Debug|Win32.ActiveCfg = Debug Libxml|Win32
		{25AC6F18-490C-4ABF-97A5-07A74CFD0C3E}.Debug|Win32.Build.0 = Debug Libxml|Win32
		{25AC6F18-490C-4ABF-97A5-07A74CFD0C3E}.Debug|x64.ActiveCfg = Debug Libxml|x64
		{25AC6F18-490C-4ABF-97A5-07A74CFD0C3E}.Debug|x64.Build.0 = Debug Libxml|x64
		{25AC6F18-490C-4ABF-97A5-07A74CFD0C3E}.Debug|x86.ActiveCfg = Debug MSXML|Win32
		{25AC6F18-490C-4ABF-97A5-07A74CFD0C3E}.Debug|x86.Build.0 = Debug MSXML|Win32
		{25AC6F18-490C-4ABF-97A5-07A74CFD0C3E}.Release Libxml|Any CPU.ActiveCfg = Release Libxml|Win32
		{25AC6F18-490C-4ABF-97A5-07A74CFD0C3E}.Release Libxml|Mixed Platforms.ActiveCfg = Release Libxml|Win32
		{25AC6F18-490C-4ABF-97A5-07A74CFD0C3E}.Release Libxml|Mixed Platforms.Build.0 = Release Libxml|Win32
		{25AC6F18-490C-4ABF-97A5-07A74CFD0C3E}.Release Libxml|Win32.ActiveCfg = Release Libxml|Win32
		{25AC6F18-490C-4ABF-97A5-07A74CFD0C3E}.Release Libxml|Win32.Build.0 = Release Libxml|Win32
		{25AC6F18-490C-4ABF-97A5-07A74CFD0C3E}.Release Libxml|x64.ActiveCfg = Release Libxml|x64
		{25AC6F18-490C-4ABF-97A5-07A74CFD0C3E}.Release Libxml|x64.Build.0 = Release Libxml|x64
		{25AC6F18-490C-4ABF-97A5-07A74CFD0C3E}.Release Libxml|x86.ActiveCfg = Release Libxml|Win32
		{25AC6F18-490C-4ABF-97A5-07A74CFD0C3E}.Release Libxml|x86.Build.0 = Release Libxml|Win32
		{25AC6F18-490C-4ABF-97A5-07A74CFD0C3E}.Release MSXML Python|Any CPU.ActiveCfg = Release MSXML Python|Win32
		{25AC6F18-490C-4ABF-97A5-07A74CFD0C3E}.Release MSXML Python|Mixed Platforms.ActiveCfg = Release MSXML Python|Win32
		{25AC6F18-490C-4ABF-97A5-07A74CFD0C3E}.Release MSXML Python|Mixed Platforms.Build.0 = Release MSXML Python|Win32
		{25AC6F18-490C-4ABF-97A5-07A74CFD0C3E}.Release MSXML Python|Win32.ActiveCfg = Release MSXML Python|Win32
		{25AC6F18-490C-4ABF-97A5-07A74CFD0C3E}.Release MSXML Python|Win32.Build.0 = Release MSXML Python|Win32
		{25AC6F18-490C-4ABF-97A5-07A74CFD0C3E}.Release MSXML Python|x64.ActiveCfg = Release MSXML Python|x64
		{25AC6F18-490C-4ABF-97A5-07A74CFD0C3E}.Release MSXML Python|x64.Build.0 = Release MSXML Python|x64
		{25AC6F18-490C-4ABF-97A5-07A74CFD0C3E}.Release MSXML Python|x86.ActiveCfg = Release MSXML Python|Win32
		{25AC6F18-490C-4ABF-97A5-07A74CFD0C3E}.Release MSXML Python|x86.Build.0 = Release MSXML Python|Win32
		{25AC6F18-490C-4ABF-97A5-07A74CFD0C3E}.Release MSXML|Any CPU.ActiveCfg = Release MSXML|Win32
		{25AC6F18-490C-4ABF-97A5-07A74CFD0C3E}.Release MSXML|Any CPU.Build.0 = Release MSXML|Win32
		{25AC6F18-490C-4ABF-97A5-07A74CFD0C3E}.Release MSXML|Mixed Platforms.ActiveCfg = Release MSXML|Win32
		{25AC6F18-490C-4ABF-97A5-07A74CFD0C3E}.Release MSXML|Mixed Platforms.Build.0 = Release MSXML|Win32
		{25AC6F18-490C-4ABF-97A5-07A74CFD0C3E}.Release MSXML|Win32.ActiveCfg = Release MSXML|Win32
		{25AC6F18-490C-4ABF-97A5-07A74CFD0C3E}.Release MSXML|Win32.Build.0 = Release MSXML|Win32
		{25AC6F18-490C-4ABF-97A5-07A74CFD0C3E}.Release MSXML|x64.ActiveCfg = Release MSXML|x64
		{25AC6F18-490C-4ABF-97A5-07A74CFD0C3E}.Release MSXML|x64.Build.0 = Release MSXML|x64
		{25AC6F18-490C-4ABF-97A5-07A74CFD0C3E}.Release MSXML|x86.ActiveCfg = Release MSXML|Win32
		{25AC6F18-490C-4ABF-97A5-07A74CFD0C3E}.Release MSXML|x86.Build.0 = Release MSXML|Win32
		{25AC6F18-490C-4ABF-97A5-07A74CFD0C3E}.Release|Any CPU.ActiveCfg = Release MSXML|Win32
		{25AC6F18-490C-4ABF-97A5-07A74CFD0C3E}.Release|Mixed Platforms.ActiveCfg = Release MSXML|Win32
		{25AC6F18-490C-4ABF-97A5-07A74CFD0C3E}.Release|Mixed Platforms.Build.0 = Release MSXML|Win32
		{25AC6F18-490C-4ABF-97A5-07A74CFD0C3E}.Release|Win32.ActiveCfg = Release MSXML|Win32
		{25AC6F18-490C-4ABF-97A5-07A74CFD0C3E}.Release|Win32.Build.0 = Release MSXML|Win32
		{25AC6F18-490C-4ABF-97A5-07A74CFD0C3E}.Release|x64.ActiveCfg = Release MSXML|x64
		{25AC6F18-490C-4ABF-97A5-07A74CFD0C3E}.Release|x64.Build.0 = Release MSXML|x64
		{25AC6F18-490C-4ABF-97A5-07A74CFD0C3E}.Release|x86.ActiveCfg = Release MSXML|Win32
		{25AC6F18-490C-4ABF-97A5-07A74CFD0C3E}.Release|x86.Build.0 = Release MSXML|Win32
		{F86004FC-593F-4964-9710-443EA117C409}.Debug Libxml|Any CPU.ActiveCfg = Debug Libxml|Win32
		{F86004FC-593F-4964-9710-443EA117C409}.Debug Libxml|Mixed Platforms.ActiveCfg = Debug Libxml|Win32
		{F86004FC-593F-4964-9710-443EA117C409}.Debug Libxml|Mixed Platforms.Build.0 = Debug Libxml|Win32
		{F86004FC-593F-4964-9710-443EA117C409}.Debug Libxml|Win32.ActiveCfg = Debug Libxml|Win32
		{F86004FC-593F-4964-9710-443EA117C409}.Debug Libxml|Win32.Build.0 = Debug Libxml|Win32
		{F86004FC-593F-4964-9710-443EA117C409}.Debug Libxml|x64.ActiveCfg = Debug Libxml|x64
		{F86004FC-593F-4964-9710-443EA117C409}.Debug Libxml|x64.Build.0 = Debug Libxml|x64
		{F86004FC-593F-4964-9710-443EA117C409}.Debug Libxml|x86.ActiveCfg = Debug Libxml|Win32
		{F86004FC-593F-4964-9710-443EA117C409}.Debug Libxml|x86.Build.0 = Debug Libxml|Win32
		{F86004FC-593F-4964-9710-443EA117C409}.Debug MSXML Python|Any CPU.ActiveCfg = Debug MSXML Python|Win32
		{F86004FC-593F-4964-9710-443EA117C409}.Debug MSXML Python|Mixed Platforms.ActiveCfg = Debug MSXML Python|Win32
		{F86004FC-593F-4964-9710-443EA117C409}.Debug MSXML Python|Mixed Platforms.Build.0 = Debug MSXML Python|Win32
		{F86004FC-593F-4964-9710-443EA117C409}.Debug MSXML Python|Win32.ActiveCfg = Debug MSXML Python|Win32
		{F86004FC-593F-4964-9710-443EA117C409}.Debug MSXML Python|Win32.Build.0 = Debug MSXML Python|Win32
		{F86004FC-593F-4964-9710-443EA117C409}.Debug MSXML Python|x64.ActiveCfg = Debug MSXML Python|x64
		{F86004FC-593F-4964-9710-443EA117C409}.Debug MSXML Python|x64.Build.0 = Debug MSXML Python|x64
		{F86004FC-593F-4964-9710-443EA117C409}.Debug MSXML Python|x86.ActiveCfg = Debug MSXML Python|Win32
		{F86004FC-593F-4964-9710-443EA117C409}.Debug MSXML Python|x86.Build.0 = Debug MSXML Python|Win32
		{F86004FC-593F-4964-9710-443EA117C409}.Debug MSXML|Any CPU.ActiveCfg = Debug MSXML|Win32
		{F86004FC-593F-4964-9710-443EA117C409}.Debug MSXML|Mixed Platforms.ActiveCfg = Debug MSXML|Win32
		{F86004FC-593F-4964-9710-443EA117C409}.Debug MSXML|Mixed Platforms.Build.0 = Debug MSXML|Win32
		{F86004FC-593F-4964-9710-443EA117C409}.Debug MSXML|Win32.ActiveCfg = Debug MSXML|Win32
		{F86004FC-593F-4964-9710-443EA117C409}.Debug MSXML|Win32.Build.0 = Debug MSXML|Win32
		{F86004FC-593F-4964-9710-443EA117C409}.Debug MSXML|x64.ActiveCfg = Debug MSXML|x64
		{F86004FC-593F-4964-9710-443EA117C409}.Debug MSXML|x64.Build.0 = Debug MSXML|x64
		{F86004FC-593F-4964-9710-443EA117C409}.Debug MSXML|x86.ActiveCfg = Debug MSXML|Win32
		{F86004FC-593F-4964-9710-443EA117C409}.Debug MSXML|x86.Build.0 = Debug MSXML|Win32
		{F86004FC-593F-4964-9710-443EA117C409}.Debug|Any CPU.ActiveCfg = Debug Libxml|Win32
		{F86004FC-593F-4964-9710-443EA117C409}.Debug|Mixed Platforms.ActiveCfg = Debug Libxml|Win32
		{F86004FC-593F-4964-9710-443EA117C409}.Debug|Mixed Platforms.Build.0 = Debug Libxml|Win32
		{F86004FC-593F-4964-9710-443EA117C409}.Debug|Win32.ActiveCfg = Debug Libxml|Win32
		{F86004FC-593F-4964-9710-443EA117C409}.Debug|Win32.Build.0 = Debug Libxml|Win32
		{F86004FC-593F-4964-9710-443EA117C409}.Debug|x64.ActiveCfg = Debug Libxml|x64
		{F86004FC-593F-4964-9710-443EA117C409}.Debug|x64.Build.0 = Debug Libxml|x64
		{F86004FC-593F-4964-9710-443EA117C409}.Debug|x86.ActiveCfg = Debug Libxml|Win32
		{F86004FC-593F-4964-9710-443EA117C409}.Debug|x86.Build.0 = Debug Libxml|Win32
		{F86004FC-593F-4964-9710-443EA117C409}.Release Libxml|Any CPU.ActiveCfg = Release Libxml|Win32
		{F86004FC-593F-4964-9710-443EA117C409}.Release Libxml|Mixed Platforms.ActiveCfg = Release Libxml|Win32
		{F86004FC-593F-4964-9710-443EA117C409}.Release Libxml|Mixed Platforms.Build.0 = Release Libxml|Win32
		{F86004FC-593F-4964-9710-443EA117C409}.Release Libxml|Win32.ActiveCfg = Release Libxml|Win32
		{F86004FC-593F-4964-9710-443EA117C409}.Release Libxml|Win32.Build.0 = Release Libxml|Win32
		{F86004FC-593F-4964-9710-443EA117C409}.Release Libxml|x64.ActiveCfg = Release Libxml|x64
		{F86004FC-593F-4964-9710-443EA117C409}.Release Libxml|x64.Build.0 = Release Libxml|x64
		{F86004FC-593F-4964-9710-443EA117C409}.Release Libxml|x86.ActiveCfg = Release Libxml|Win32
		{F86004FC-593F-4964-9710-443EA117C409}.Release Libxml|x86.Build.0 = Release Libxml|Win32
		{F86004FC-593F-4964-9710-443EA117C409}.Release MSXML Python|Any CPU.ActiveCfg = Release MSXML Python|Win32
		{F86004FC-593F-4964-9710-443EA117C409}.Release MSXML Python|Mixed Platforms.ActiveCfg = Release MSXML Python|Win32
		{F86004FC-593F-4964-9710-443EA117C409}.Release MSXML Python|Mixed Platforms.Build.0 = Release MSXML Python|Win32
		{F86004FC-593F-4964-9710-443EA117C409}.Release MSXML Python|Win32.ActiveCfg = Release MSXML Python|Win32
		{F86004FC-593F-4964-9710-443EA117C409}.Release MSXML Python|Win32.Build.0 = Release MSXML Python|Win32
		{F86004FC-593F-4964-9710-443EA117C409}.Release MSXML Python|x64.ActiveCfg = Release MSXML Python|x64
		{F86004FC-593F-4964-9710-443EA117C409}.Release MSXML Python|x64.Build.0 = Release MSXML Python|x64
		{F86004FC-593F-4964-9710-443EA117C409}.Release MSXML Python|x86.ActiveCfg = Release MSXML Python|Win32
		{F86004FC-593F-4964-9710-443EA117C409}.Release MSXML Python|x86.Build.0 = Release MSXML Python|Win32
		{F86004FC-593F-4964-9710-443EA117C409}.Release MSXML|Any CPU.ActiveCfg = Release MSXML|Win32
		{F86004FC-593F-4964-9710-443EA117C409}.Release MSXML|Mixed Platforms.ActiveCfg = Release MSXML|Win32
		{F86004FC-593F-4964-9710-443EA117C409}.Release MSXML|Mixed Platforms.Build.0 = Release MSXML|Win32
		{F86004FC-593F-4964-9710-443EA117C409}.Release MSXML|Win32.ActiveCfg = Release MSXML|Win32
		{F86004FC-593F-4964-9710-443EA117C409}.Release MSXML|Win32.Build.0 = Release MSXML|Win32
		{F86004FC-593F-4964-9710-443EA117C409}.Release MSXML|x64.ActiveCfg = Release MSXML|x64
		{F86004FC-593F-4964-9710-443EA117C409}.Release MSXML|x64.Build.0 = Release MSXML|x64
		{F86004FC-593F-4964-9710-443EA117C409}.Release MSXML|x86.ActiveCfg = Release MSXML|Win32
		{F86004FC-593F-4964-9710-443EA117C409}.Release MSXML|x86.Build.0 = Release MSXML|Win32
		{F86004FC-593F-4964-9710-443EA117C409}.Release|Any CPU.ActiveCfg = Release MSXML|Win32
		{F86004FC-593F-4964-9710-443EA117C409}.Release|Mixed Platforms.ActiveCfg = Release MSXML|Win32
		{F86004FC-593F-4964-9710-443EA117C409}.Release|Mixed Platforms.Build.0 = Release MSXML|Win32
		{F86004FC-593F-4964-9710-443EA117C409}.Release|Win32.ActiveCfg = Release MSXML|Win32
		{F86004FC-593F-4964-9710-443EA117C409}.Release|Win32.Build.0 = Release MSXML|Win32
		{F86004FC-593F-4964-9710-443EA117C409}.Release|x64.ActiveCfg = Release MSXML|x64
		{F86004FC-593F-4964-9710-443EA117C409}.Release|x64.Build.0 = Release MSXML|x64
		{F86004FC-593F-4964-9710-443EA117C409}.Release|x86.ActiveCfg = Release MSXML|Win32
		{F86004FC-593F-4964-9710-443EA117C409}.Release|x86.Build.0 = Release MSXML|Win32
	EndGlobalSection
	GlobalSection(SolutionProperties) = preSolution
		HideSolutionNode = FALSE
	EndGlobalSection
EndGlobal
