
Microsoft Visual Studio Solution File, Format Version 10.00
# Visual Studio 2008
Project("{FAE04EC0-301F-11D3-BF4B-00C04F79EFBC}") = "LogicianDebuggerWPF", "LogicianDebuggerWPF.csproj", "{511F1ACF-F59C-4EDF-8A32-613B04E3F714}"
EndProject
Project("{FAE04EC0-301F-11D3-BF4B-00C04F79EFBC}") = "LogicianDebuggerTestApp", "LogicianDebuggerTestApp\LogicianDebuggerTestApp.csproj", "{DFD92C96-74E6-4202-8A67-8205A43DB20E}"
EndProject
Project("{8BC9CEB8-8B4A-11D0-8D11-00A0C91BC942}") = "EDSEngineNET", "..\..\EDSEngineNET\EDSEngineNET.vcproj", "{C035245F-9D98-4585-8350-6E1CDD5ADAC3}"
EndProject
Project("{8BC9CEB8-8B4A-11D0-8D11-00A0C91BC942}") = "ROMNET", "..\..\ROMNET\ROMNET.vcproj", "{A2E7FF12-B9E7-4276-8120-407A812AC43B}"
EndProject
Global
	GlobalSection(SolutionConfigurationPlatforms) = preSolution
		Debug|Any CPU = Debug|Any CPU
		Debug|Mixed Platforms = Debug|Mixed Platforms
		Debug|Win32 = Debug|Win32
		Release|Any CPU = Release|Any CPU
		Release|Mixed Platforms = Release|Mixed Platforms
		Release|Win32 = Release|Win32
	EndGlobalSection
	GlobalSection(ProjectConfigurationPlatforms) = postSolution
		{511F1ACF-F59C-4EDF-8A32-613B04E3F714}.Debug|Any CPU.ActiveCfg = Debug|Any CPU
		{511F1ACF-F59C-4EDF-8A32-613B04E3F714}.Debug|Any CPU.Build.0 = Debug|Any CPU
		{511F1ACF-F59C-4EDF-8A32-613B04E3F714}.Debug|Mixed Platforms.ActiveCfg = Debug|Any CPU
		{511F1ACF-F59C-4EDF-8A32-613B04E3F714}.Debug|Mixed Platforms.Build.0 = Debug|Any CPU
		{511F1ACF-F59C-4EDF-8A32-613B04E3F714}.Debug|Win32.ActiveCfg = Debug|Any CPU
		{511F1ACF-F59C-4EDF-8A32-613B04E3F714}.Release|Any CPU.ActiveCfg = Release|Any CPU
		{511F1ACF-F59C-4EDF-8A32-613B04E3F714}.Release|Any CPU.Build.0 = Release|Any CPU
		{511F1ACF-F59C-4EDF-8A32-613B04E3F714}.Release|Mixed Platforms.ActiveCfg = Release|Any CPU
		{511F1ACF-F59C-4EDF-8A32-613B04E3F714}.Release|Mixed Platforms.Build.0 = Release|Any CPU
		{511F1ACF-F59C-4EDF-8A32-613B04E3F714}.Release|Win32.ActiveCfg = Release|Any CPU
		{DFD92C96-74E6-4202-8A67-8205A43DB20E}.Debug|Any CPU.ActiveCfg = Debug|Any CPU
		{DFD92C96-74E6-4202-8A67-8205A43DB20E}.Debug|Any CPU.Build.0 = Debug|Any CPU
		{DFD92C96-74E6-4202-8A67-8205A43DB20E}.Debug|Mixed Platforms.ActiveCfg = Debug|Any CPU
		{DFD92C96-74E6-4202-8A67-8205A43DB20E}.Debug|Mixed Platforms.Build.0 = Debug|Any CPU
		{DFD92C96-74E6-4202-8A67-8205A43DB20E}.Debug|Win32.ActiveCfg = Debug|Any CPU
		{DFD92C96-74E6-4202-8A67-8205A43DB20E}.Release|Any CPU.ActiveCfg = Release|Any CPU
		{DFD92C96-74E6-4202-8A67-8205A43DB20E}.Release|Any CPU.Build.0 = Release|Any CPU
		{DFD92C96-74E6-4202-8A67-8205A43DB20E}.Release|Mixed Platforms.ActiveCfg = Release|Any CPU
		{DFD92C96-74E6-4202-8A67-8205A43DB20E}.Release|Mixed Platforms.Build.0 = Release|Any CPU
		{DFD92C96-74E6-4202-8A67-8205A43DB20E}.Release|Win32.ActiveCfg = Release|Any CPU
		{C035245F-9D98-4585-8350-6E1CDD5ADAC3}.Debug|Any CPU.ActiveCfg = Debug|Win32
		{C035245F-9D98-4585-8350-6E1CDD5ADAC3}.Debug|Mixed Platforms.ActiveCfg = Debug|Win32
		{C035245F-9D98-4585-8350-6E1CDD5ADAC3}.Debug|Mixed Platforms.Build.0 = Debug|Win32
		{C035245F-9D98-4585-8350-6E1CDD5ADAC3}.Debug|Win32.ActiveCfg = Debug|Win32
		{C035245F-9D98-4585-8350-6E1CDD5ADAC3}.Debug|Win32.Build.0 = Debug|Win32
		{C035245F-9D98-4585-8350-6E1CDD5ADAC3}.Release|Any CPU.ActiveCfg = Release|Win32
		{C035245F-9D98-4585-8350-6E1CDD5ADAC3}.Release|Mixed Platforms.ActiveCfg = Release|Win32
		{C035245F-9D98-4585-8350-6E1CDD5ADAC3}.Release|Mixed Platforms.Build.0 = Release|Win32
		{C035245F-9D98-4585-8350-6E1CDD5ADAC3}.Release|Win32.ActiveCfg = Release|Win32
		{C035245F-9D98-4585-8350-6E1CDD5ADAC3}.Release|Win32.Build.0 = Release|Win32
		{A2E7FF12-B9E7-4276-8120-407A812AC43B}.Debug|Any CPU.ActiveCfg = Debug|Win32
		{A2E7FF12-B9E7-4276-8120-407A812AC43B}.Debug|Mixed Platforms.ActiveCfg = Debug|Win32
		{A2E7FF12-B9E7-4276-8120-407A812AC43B}.Debug|Mixed Platforms.Build.0 = Debug|Win32
		{A2E7FF12-B9E7-4276-8120-407A812AC43B}.Debug|Win32.ActiveCfg = Debug|Win32
		{A2E7FF12-B9E7-4276-8120-407A812AC43B}.Debug|Win32.Build.0 = Debug|Win32
		{A2E7FF12-B9E7-4276-8120-407A812AC43B}.Release|Any CPU.ActiveCfg = Release|Win32
		{A2E7FF12-B9E7-4276-8120-407A812AC43B}.Release|Mixed Platforms.ActiveCfg = Release|Win32
		{A2E7FF12-B9E7-4276-8120-407A812AC43B}.Release|Mixed Platforms.Build.0 = Release|Win32
		{A2E7FF12-B9E7-4276-8120-407A812AC43B}.Release|Win32.ActiveCfg = Release|Win32
		{A2E7FF12-B9E7-4276-8120-407A812AC43B}.Release|Win32.Build.0 = Release|Win32
	EndGlobalSection
	GlobalSection(SolutionProperties) = preSolution
		HideSolutionNode = FALSE
	EndGlobalSection
EndGlobal
