
Microsoft Visual Studio Solution File, Format Version 12.00
# Visual Studio Express 2012 for Windows Desktop
Project("{FAE04EC0-301F-11D3-BF4B-00C04F79EFBC}") = "ColorMixConsoleCSharp", "ColorMixConsoleCSharp.csproj", "{79E526E3-B767-44FD-BD60-7EBAB2F63D2E}"
EndProject
Project("{8BC9CEB8-8B4A-11D0-8D11-00A0C91BC942}") = "EDSEngineNET", "..\..\src\trunk\EDSEngineNET\EDSEngineNET2012.vcxproj", "{C035245F-9D98-4585-8350-6E1CDD5ADAC3}"
EndProject
Global
	GlobalSection(SolutionConfigurationPlatforms) = preSolution
		Debug|Any CPU = Debug|Any CPU
		Debug|Mixed Platforms = Debug|Mixed Platforms
		Debug|Win32 = Debug|Win32
		Debug|x64 = Debug|x64
		Release|Any CPU = Release|Any CPU
		Release|Mixed Platforms = Release|Mixed Platforms
		Release|Win32 = Release|Win32
		Release|x64 = Release|x64
	EndGlobalSection
	GlobalSection(ProjectConfigurationPlatforms) = postSolution
		{79E526E3-B767-44FD-BD60-7EBAB2F63D2E}.Debug|Any CPU.ActiveCfg = Debug|Any CPU
		{79E526E3-B767-44FD-BD60-7EBAB2F63D2E}.Debug|Any CPU.Build.0 = Debug|Any CPU
		{79E526E3-B767-44FD-BD60-7EBAB2F63D2E}.Debug|Mixed Platforms.ActiveCfg = Debug|Any CPU
		{79E526E3-B767-44FD-BD60-7EBAB2F63D2E}.Debug|Mixed Platforms.Build.0 = Debug|Any CPU
		{79E526E3-B767-44FD-BD60-7EBAB2F63D2E}.Debug|Win32.ActiveCfg = Debug|Any CPU
		{79E526E3-B767-44FD-BD60-7EBAB2F63D2E}.Debug|x64.ActiveCfg = Debug|Any CPU
		{79E526E3-B767-44FD-BD60-7EBAB2F63D2E}.Release|Any CPU.ActiveCfg = Release|Any CPU
		{79E526E3-B767-44FD-BD60-7EBAB2F63D2E}.Release|Any CPU.Build.0 = Release|Any CPU
		{79E526E3-B767-44FD-BD60-7EBAB2F63D2E}.Release|Mixed Platforms.ActiveCfg = Release|Any CPU
		{79E526E3-B767-44FD-BD60-7EBAB2F63D2E}.Release|Mixed Platforms.Build.0 = Release|Any CPU
		{79E526E3-B767-44FD-BD60-7EBAB2F63D2E}.Release|Win32.ActiveCfg = Release|Any CPU
		{79E526E3-B767-44FD-BD60-7EBAB2F63D2E}.Release|x64.ActiveCfg = Release|Any CPU
		{C035245F-9D98-4585-8350-6E1CDD5ADAC3}.Debug|Any CPU.ActiveCfg = Debug|Win32
		{C035245F-9D98-4585-8350-6E1CDD5ADAC3}.Debug|Mixed Platforms.ActiveCfg = Debug|Win32
		{C035245F-9D98-4585-8350-6E1CDD5ADAC3}.Debug|Mixed Platforms.Build.0 = Debug|Win32
		{C035245F-9D98-4585-8350-6E1CDD5ADAC3}.Debug|Win32.ActiveCfg = Debug|Win32
		{C035245F-9D98-4585-8350-6E1CDD5ADAC3}.Debug|Win32.Build.0 = Debug|Win32
		{C035245F-9D98-4585-8350-6E1CDD5ADAC3}.Debug|x64.ActiveCfg = Debug|x64
		{C035245F-9D98-4585-8350-6E1CDD5ADAC3}.Debug|x64.Build.0 = Debug|x64
		{C035245F-9D98-4585-8350-6E1CDD5ADAC3}.Release|Any CPU.ActiveCfg = Release|Win32
		{C035245F-9D98-4585-8350-6E1CDD5ADAC3}.Release|Mixed Platforms.ActiveCfg = Release|Win32
		{C035245F-9D98-4585-8350-6E1CDD5ADAC3}.Release|Mixed Platforms.Build.0 = Release|Win32
		{C035245F-9D98-4585-8350-6E1CDD5ADAC3}.Release|Win32.ActiveCfg = Release|Win32
		{C035245F-9D98-4585-8350-6E1CDD5ADAC3}.Release|Win32.Build.0 = Release|Win32
		{C035245F-9D98-4585-8350-6E1CDD5ADAC3}.Release|x64.ActiveCfg = Release|x64
		{C035245F-9D98-4585-8350-6E1CDD5ADAC3}.Release|x64.Build.0 = Release|x64
	EndGlobalSection
	GlobalSection(SolutionProperties) = preSolution
		HideSolutionNode = FALSE
	EndGlobalSection
EndGlobal
