
Microsoft Visual Studio Solution File, Format Version 10.00
# Visual Studio 2008
Project("{8BC9CEB8-8B4A-11D0-8D11-00A0C91BC942}") = "EDSEngineTestApp", "EDSEngineTestApp.vcproj", "{161544D3-9CBD-44D2-A57B-6C92ECF58829}"
EndProject
Global
	GlobalSection(SolutionConfigurationPlatforms) = preSolution
		Debug Libxml|Win32 = Debug Libxml|Win32
		Debug MSXML DLL|Win32 = Debug MSXML DLL|Win32
		Debug MSXML|Win32 = Debug MSXML|Win32
		Release Libxml|Win32 = Release Libxml|Win32
		Release MSXML DLL|Win32 = Release MSXML DLL|Win32
		Release MSXML|Win32 = Release MSXML|Win32
	EndGlobalSection
	GlobalSection(ProjectConfigurationPlatforms) = postSolution
		{161544D3-9CBD-44D2-A57B-6C92ECF58829}.Debug Libxml|Win32.ActiveCfg = Debug Libxml|Win32
		{161544D3-9CBD-44D2-A57B-6C92ECF58829}.Debug Libxml|Win32.Build.0 = Debug Libxml|Win32
		{161544D3-9CBD-44D2-A57B-6C92ECF58829}.Debug MSXML DLL|Win32.ActiveCfg = Debug MSXML|Win32
		{161544D3-9CBD-44D2-A57B-6C92ECF58829}.Debug MSXML DLL|Win32.Build.0 = Debug MSXML|Win32
		{161544D3-9CBD-44D2-A57B-6C92ECF58829}.Debug MSXML|Win32.ActiveCfg = Debug MSXML|Win32
		{161544D3-9CBD-44D2-A57B-6C92ECF58829}.Debug MSXML|Win32.Build.0 = Debug MSXML|Win32
		{161544D3-9CBD-44D2-A57B-6C92ECF58829}.Release Libxml|Win32.ActiveCfg = Release Libxml|Win32
		{161544D3-9CBD-44D2-A57B-6C92ECF58829}.Release Libxml|Win32.Build.0 = Release Libxml|Win32
		{161544D3-9CBD-44D2-A57B-6C92ECF58829}.Release MSXML DLL|Win32.ActiveCfg = Release MSXML|Win32
		{161544D3-9CBD-44D2-A57B-6C92ECF58829}.Release MSXML DLL|Win32.Build.0 = Release MSXML|Win32
		{161544D3-9CBD-44D2-A57B-6C92ECF58829}.Release MSXML|Win32.ActiveCfg = Debug MSXML|Win32
		{161544D3-9CBD-44D2-A57B-6C92ECF58829}.Release MSXML|Win32.Build.0 = Debug MSXML|Win32
	EndGlobalSection
	GlobalSection(SolutionProperties) = preSolution
		HideSolutionNode = FALSE
	EndGlobalSection
EndGlobal
