
Microsoft Visual Studio Solution File, Format Version 11.00
# Visual Web Developer Express 2010
Project("{FAE04EC0-301F-11D3-BF4B-00C04F79EFBC}") = "LogicianSilverlight", "LogicianSilverlight\LogicianSilverlight.csproj", "{53F1E861-DE81-46ED-BE4D-DD67067FCA36}"
EndProject
Project("{FAE04EC0-301F-11D3-BF4B-00C04F79EFBC}") = "LogicianSilverlightTestApp", "LogicianSilverlightTestApp\LogicianSilverlightTestApp\LogicianSilverlightTestApp.csproj", "{5788651F-26BB-421E-AD20-B3C8C431E69E}"
EndProject
Project("{FAE04EC0-301F-11D3-BF4B-00C04F79EFBC}") = "LogicianSilverlightTestApp.Web", "LogicianSilverlightTestApp\LogicianSilverlightTestApp.Web\LogicianSilverlightTestApp.Web.csproj", "{C47904C7-D3FE-4112-9915-D0D2AFE2732F}"
EndProject
Project("{FAE04EC0-301F-11D3-BF4B-00C04F79EFBC}") = "ROMViewer", "ROMViewer\ROMViewer.csproj", "{7A3FE762-EC37-4A6E-9BFA-DF7D7E00A1D3}"
EndProject
Project("{FAE04EC0-301F-11D3-BF4B-00C04F79EFBC}") = "LogicianDebugCtrl", "LogicianDebugCtrl\LogicianDebugCtrl.csproj", "{924E4508-3E7A-4A15-A9F9-CAD8CE631105}"
EndProject
Project("{FAE04EC0-301F-11D3-BF4B-00C04F79EFBC}") = "LogicianDebugApp", "LogicianDebugApp\LogicianDebugApp.csproj", "{1B9D1C4F-4CAB-49EA-9BE1-D6C6BF43E1ED}"
EndProject
Project("{FAE04EC0-301F-11D3-BF4B-00C04F79EFBC}") = "EDSDebug", "EDSDebug\EDSDebug.csproj", "{D44A5828-9CCA-403C-99C6-34C3F8B844D5}"
EndProject
Global
	GlobalSection(SolutionConfigurationPlatforms) = preSolution
		Debug|Any CPU = Debug|Any CPU
		Release|Any CPU = Release|Any CPU
	EndGlobalSection
	GlobalSection(ProjectConfigurationPlatforms) = postSolution
		{53F1E861-DE81-46ED-BE4D-DD67067FCA36}.Debug|Any CPU.ActiveCfg = Debug|Any CPU
		{53F1E861-DE81-46ED-BE4D-DD67067FCA36}.Debug|Any CPU.Build.0 = Debug|Any CPU
		{53F1E861-DE81-46ED-BE4D-DD67067FCA36}.Release|Any CPU.ActiveCfg = Release|Any CPU
		{53F1E861-DE81-46ED-BE4D-DD67067FCA36}.Release|Any CPU.Build.0 = Release|Any CPU
		{5788651F-26BB-421E-AD20-B3C8C431E69E}.Debug|Any CPU.ActiveCfg = Debug|Any CPU
		{5788651F-26BB-421E-AD20-B3C8C431E69E}.Debug|Any CPU.Build.0 = Debug|Any CPU
		{5788651F-26BB-421E-AD20-B3C8C431E69E}.Release|Any CPU.ActiveCfg = Release|Any CPU
		{5788651F-26BB-421E-AD20-B3C8C431E69E}.Release|Any CPU.Build.0 = Release|Any CPU
		{C47904C7-D3FE-4112-9915-D0D2AFE2732F}.Debug|Any CPU.ActiveCfg = Debug|Any CPU
		{C47904C7-D3FE-4112-9915-D0D2AFE2732F}.Debug|Any CPU.Build.0 = Debug|Any CPU
		{C47904C7-D3FE-4112-9915-D0D2AFE2732F}.Release|Any CPU.ActiveCfg = Release|Any CPU
		{C47904C7-D3FE-4112-9915-D0D2AFE2732F}.Release|Any CPU.Build.0 = Release|Any CPU
		{7A3FE762-EC37-4A6E-9BFA-DF7D7E00A1D3}.Debug|Any CPU.ActiveCfg = Debug|Any CPU
		{7A3FE762-EC37-4A6E-9BFA-DF7D7E00A1D3}.Debug|Any CPU.Build.0 = Debug|Any CPU
		{7A3FE762-EC37-4A6E-9BFA-DF7D7E00A1D3}.Release|Any CPU.ActiveCfg = Release|Any CPU
		{7A3FE762-EC37-4A6E-9BFA-DF7D7E00A1D3}.Release|Any CPU.Build.0 = Release|Any CPU
		{924E4508-3E7A-4A15-A9F9-CAD8CE631105}.Debug|Any CPU.ActiveCfg = Debug|Any CPU
		{924E4508-3E7A-4A15-A9F9-CAD8CE631105}.Debug|Any CPU.Build.0 = Debug|Any CPU
		{924E4508-3E7A-4A15-A9F9-CAD8CE631105}.Release|Any CPU.ActiveCfg = Release|Any CPU
		{924E4508-3E7A-4A15-A9F9-CAD8CE631105}.Release|Any CPU.Build.0 = Release|Any CPU
		{1B9D1C4F-4CAB-49EA-9BE1-D6C6BF43E1ED}.Debug|Any CPU.ActiveCfg = Debug|Any CPU
		{1B9D1C4F-4CAB-49EA-9BE1-D6C6BF43E1ED}.Debug|Any CPU.Build.0 = Debug|Any CPU
		{1B9D1C4F-4CAB-49EA-9BE1-D6C6BF43E1ED}.Release|Any CPU.ActiveCfg = Release|Any CPU
		{1B9D1C4F-4CAB-49EA-9BE1-D6C6BF43E1ED}.Release|Any CPU.Build.0 = Release|Any CPU
		{D44A5828-9CCA-403C-99C6-34C3F8B844D5}.Debug|Any CPU.ActiveCfg = Debug|Any CPU
		{D44A5828-9CCA-403C-99C6-34C3F8B844D5}.Debug|Any CPU.Build.0 = Debug|Any CPU
		{D44A5828-9CCA-403C-99C6-34C3F8B844D5}.Release|Any CPU.ActiveCfg = Release|Any CPU
		{D44A5828-9CCA-403C-99C6-34C3F8B844D5}.Release|Any CPU.Build.0 = Release|Any CPU
	EndGlobalSection
	GlobalSection(SolutionProperties) = preSolution
		HideSolutionNode = FALSE
	EndGlobalSection
EndGlobal
