
Microsoft Visual Studio Solution File, Format Version 12.00
# Visual Studio 2013
VisualStudioVersion = 12.0.31101.0
MinimumVisualStudioVersion = 10.0.40219.1
Project("{FAE04EC0-301F-11D3-BF4B-00C04F79EFBC}") = "EDSEngineNETTestApp", "EDSEngineNET\EDSEngineNETTestApp2013\EDSEngineNETTestApp.csproj", "{12347D44-5BE1-4AFF-BFE5-470EBB07DC04}"
	ProjectSection(ProjectDependencies) = postProject
		{C035245F-9D98-4585-8350-6E1CDD5ADAC3} = {C035245F-9D98-4585-8350-6E1CDD5ADAC3}
	EndProjectSection
EndProject
Project("{8BC9CEB8-8B4A-11D0-8D11-00A0C91BC942}") = "EDSEngineNET", "EDSEngineNET\EDSEngineNET2013.vcxproj", "{C035245F-9D98-4585-8350-6E1CDD5ADAC3}"
	ProjectSection(ProjectDependencies) = postProject
		{25AC6F18-490C-4ABF-97A5-07A74CFD0C3E} = {25AC6F18-490C-4ABF-97A5-07A74CFD0C3E}
	EndProjectSection
EndProject
Project("{8BC9CEB8-8B4A-11D0-8D11-00A0C91BC942}") = "EDSEngine", "EDSEngine\EDSEngine2013.vcxproj", "{25AC6F18-490C-4ABF-97A5-07A74CFD0C3E}"
EndProject
Project("{8BC9CEB8-8B4A-11D0-8D11-00A0C91BC942}") = "EDSEngineTestApp2013", "EDSEngine\EDSEngineTestApp\EDSEngineTestApp2013.vcxproj", "{161544D3-9CBD-44D2-A57B-6C92ECF58829}"
	ProjectSection(ProjectDependencies) = postProject
		{25AC6F18-490C-4ABF-97A5-07A74CFD0C3E} = {25AC6F18-490C-4ABF-97A5-07A74CFD0C3E}
	EndProjectSection
EndProject
Project("{8BC9CEB8-8B4A-11D0-8D11-00A0C91BC942}") = "RelationalObjectModel", "RelationalObjectModel\Relational Object Model 2013.vcxproj", "{D246970C-C067-4F64-9BF2-47335A1F49F5}"
	ProjectSection(ProjectDependencies) = postProject
		{25AC6F18-490C-4ABF-97A5-07A74CFD0C3E} = {25AC6F18-490C-4ABF-97A5-07A74CFD0C3E}
	EndProjectSection
EndProject
Project("{8BC9CEB8-8B4A-11D0-8D11-00A0C91BC942}") = "ROMAppConsoleTest2013", "RelationalObjectModel\ROMAppConsoleTest\ROMAppConsoleTest2013.vcxproj", "{24D9382E-F633-4427-9323-1E8F2D47C3D5}"
	ProjectSection(ProjectDependencies) = postProject
		{D246970C-C067-4F64-9BF2-47335A1F49F5} = {D246970C-C067-4F64-9BF2-47335A1F49F5}
	EndProjectSection
EndProject
Project("{8BC9CEB8-8B4A-11D0-8D11-00A0C91BC942}") = "ROMNET", "ROMNET\ROMNET2013.vcxproj", "{A2E7FF12-B9E7-4276-8120-407A812AC43B}"
	ProjectSection(ProjectDependencies) = postProject
		{D246970C-C067-4F64-9BF2-47335A1F49F5} = {D246970C-C067-4F64-9BF2-47335A1F49F5}
		{25AC6F18-490C-4ABF-97A5-07A74CFD0C3E} = {25AC6F18-490C-4ABF-97A5-07A74CFD0C3E}
	EndProjectSection
EndProject
Project("{FAE04EC0-301F-11D3-BF4B-00C04F79EFBC}") = "ROMNETTestApplication", "ROMNET\ROMNETTestApplication2013\ROMNETTestApplication.csproj", "{7367F92B-5BCB-42F2-A2E4-CBC585A70B7C}"
	ProjectSection(ProjectDependencies) = postProject
		{A2E7FF12-B9E7-4276-8120-407A812AC43B} = {A2E7FF12-B9E7-4276-8120-407A812AC43B}
		{C035245F-9D98-4585-8350-6E1CDD5ADAC3} = {C035245F-9D98-4585-8350-6E1CDD5ADAC3}
	EndProjectSection
EndProject
Global
	GlobalSection(SolutionConfigurationPlatforms) = preSolution
		Debug|Any CPU = Debug|Any CPU
		Debug|Mixed Platforms = Debug|Mixed Platforms
		Debug|Win32 = Debug|Win32
		Debug|x64 = Debug|x64
		Debug|x86 = Debug|x86
		Release|Any CPU = Release|Any CPU
		Release|Mixed Platforms = Release|Mixed Platforms
		Release|Win32 = Release|Win32
		Release|x64 = Release|x64
		Release|x86 = Release|x86
	EndGlobalSection
	GlobalSection(ProjectConfigurationPlatforms) = postSolution
		{12347D44-5BE1-4AFF-BFE5-470EBB07DC04}.Debug|Any CPU.ActiveCfg = Debug|Any CPU
		{12347D44-5BE1-4AFF-BFE5-470EBB07DC04}.Debug|Any CPU.Build.0 = Debug|Any CPU
		{12347D44-5BE1-4AFF-BFE5-470EBB07DC04}.Debug|Mixed Platforms.ActiveCfg = Debug|x86
		{12347D44-5BE1-4AFF-BFE5-470EBB07DC04}.Debug|Mixed Platforms.Build.0 = Debug|x86
		{12347D44-5BE1-4AFF-BFE5-470EBB07DC04}.Debug|Win32.ActiveCfg = Debug|x86
		{12347D44-5BE1-4AFF-BFE5-470EBB07DC04}.Debug|Win32.Build.0 = Debug|x86
		{12347D44-5BE1-4AFF-BFE5-470EBB07DC04}.Debug|x64.ActiveCfg = Debug|x64
		{12347D44-5BE1-4AFF-BFE5-470EBB07DC04}.Debug|x64.Build.0 = Debug|x64
		{12347D44-5BE1-4AFF-BFE5-470EBB07DC04}.Debug|x86.ActiveCfg = Debug|x86
		{12347D44-5BE1-4AFF-BFE5-470EBB07DC04}.Debug|x86.Build.0 = Debug|x86
		{12347D44-5BE1-4AFF-BFE5-470EBB07DC04}.Release|Any CPU.ActiveCfg = Release|Any CPU
		{12347D44-5BE1-4AFF-BFE5-470EBB07DC04}.Release|Any CPU.Build.0 = Release|Any CPU
		{12347D44-5BE1-4AFF-BFE5-470EBB07DC04}.Release|Mixed Platforms.ActiveCfg = Release|x86
		{12347D44-5BE1-4AFF-BFE5-470EBB07DC04}.Release|Mixed Platforms.Build.0 = Release|x86
		{12347D44-5BE1-4AFF-BFE5-470EBB07DC04}.Release|Win32.ActiveCfg = Release|x86
		{12347D44-5BE1-4AFF-BFE5-470EBB07DC04}.Release|Win32.Build.0 = Release|x86
		{12347D44-5BE1-4AFF-BFE5-470EBB07DC04}.Release|x64.ActiveCfg = Release|x64
		{12347D44-5BE1-4AFF-BFE5-470EBB07DC04}.Release|x64.Build.0 = Release|x64
		{12347D44-5BE1-4AFF-BFE5-470EBB07DC04}.Release|x86.ActiveCfg = Release|x86
		{12347D44-5BE1-4AFF-BFE5-470EBB07DC04}.Release|x86.Build.0 = Release|x86
		{C035245F-9D98-4585-8350-6E1CDD5ADAC3}.Debug|Any CPU.ActiveCfg = Debug|Win32
		{C035245F-9D98-4585-8350-6E1CDD5ADAC3}.Debug|Mixed Platforms.ActiveCfg = Debug|Win32
		{C035245F-9D98-4585-8350-6E1CDD5ADAC3}.Debug|Mixed Platforms.Build.0 = Debug|Win32
		{C035245F-9D98-4585-8350-6E1CDD5ADAC3}.Debug|Win32.ActiveCfg = Debug|Win32
		{C035245F-9D98-4585-8350-6E1CDD5ADAC3}.Debug|Win32.Build.0 = Debug|Win32
		{C035245F-9D98-4585-8350-6E1CDD5ADAC3}.Debug|x64.ActiveCfg = Debug|x64
		{C035245F-9D98-4585-8350-6E1CDD5ADAC3}.Debug|x64.Build.0 = Debug|x64
		{C035245F-9D98-4585-8350-6E1CDD5ADAC3}.Debug|x86.ActiveCfg = Debug|Win32
		{C035245F-9D98-4585-8350-6E1CDD5ADAC3}.Debug|x86.Build.0 = Debug|Win32
		{C035245F-9D98-4585-8350-6E1CDD5ADAC3}.Release|Any CPU.ActiveCfg = Release|Win32
		{C035245F-9D98-4585-8350-6E1CDD5ADAC3}.Release|Mixed Platforms.ActiveCfg = Release|Win32
		{C035245F-9D98-4585-8350-6E1CDD5ADAC3}.Release|Mixed Platforms.Build.0 = Release|Win32
		{C035245F-9D98-4585-8350-6E1CDD5ADAC3}.Release|Win32.ActiveCfg = Release|Win32
		{C035245F-9D98-4585-8350-6E1CDD5ADAC3}.Release|Win32.Build.0 = Release|Win32
		{C035245F-9D98-4585-8350-6E1CDD5ADAC3}.Release|x64.ActiveCfg = Release|x64
		{C035245F-9D98-4585-8350-6E1CDD5ADAC3}.Release|x64.Build.0 = Release|x64
		{C035245F-9D98-4585-8350-6E1CDD5ADAC3}.Release|x86.ActiveCfg = Release|Win32
		{C035245F-9D98-4585-8350-6E1CDD5ADAC3}.Release|x86.Build.0 = Release|Win32
		{25AC6F18-490C-4ABF-97A5-07A74CFD0C3E}.Debug|Any CPU.ActiveCfg = Debug|Win32
		{25AC6F18-490C-4ABF-97A5-07A74CFD0C3E}.Debug|Mixed Platforms.ActiveCfg = Debug|Win32
		{25AC6F18-490C-4ABF-97A5-07A74CFD0C3E}.Debug|Mixed Platforms.Build.0 = Debug|Win32
		{25AC6F18-490C-4ABF-97A5-07A74CFD0C3E}.Debug|Win32.ActiveCfg = Debug|Win32
		{25AC6F18-490C-4ABF-97A5-07A74CFD0C3E}.Debug|Win32.Build.0 = Debug|Win32
		{25AC6F18-490C-4ABF-97A5-07A74CFD0C3E}.Debug|x64.ActiveCfg = Debug|x64
		{25AC6F18-490C-4ABF-97A5-07A74CFD0C3E}.Debug|x64.Build.0 = Debug|x64
		{25AC6F18-490C-4ABF-97A5-07A74CFD0C3E}.Debug|x86.ActiveCfg = Debug|Win32
		{25AC6F18-490C-4ABF-97A5-07A74CFD0C3E}.Debug|x86.Build.0 = Debug|Win32
		{25AC6F18-490C-4ABF-97A5-07A74CFD0C3E}.Release|Any CPU.ActiveCfg = Release|Win32
		{25AC6F18-490C-4ABF-97A5-07A74CFD0C3E}.Release|Mixed Platforms.ActiveCfg = Release|Win32
		{25AC6F18-490C-4ABF-97A5-07A74CFD0C3E}.Release|Mixed Platforms.Build.0 = Release|Win32
		{25AC6F18-490C-4ABF-97A5-07A74CFD0C3E}.Release|Win32.ActiveCfg = Release|Win32
		{25AC6F18-490C-4ABF-97A5-07A74CFD0C3E}.Release|Win32.Build.0 = Release|Win32
		{25AC6F18-490C-4ABF-97A5-07A74CFD0C3E}.Release|x64.ActiveCfg = Release|x64
		{25AC6F18-490C-4ABF-97A5-07A74CFD0C3E}.Release|x64.Build.0 = Release|x64
		{25AC6F18-490C-4ABF-97A5-07A74CFD0C3E}.Release|x86.ActiveCfg = Release|Win32
		{25AC6F18-490C-4ABF-97A5-07A74CFD0C3E}.Release|x86.Build.0 = Release|Win32
		{161544D3-9CBD-44D2-A57B-6C92ECF58829}.Debug|Any CPU.ActiveCfg = Debug|Win32
		{161544D3-9CBD-44D2-A57B-6C92ECF58829}.Debug|Mixed Platforms.ActiveCfg = Debug|Win32
		{161544D3-9CBD-44D2-A57B-6C92ECF58829}.Debug|Mixed Platforms.Build.0 = Debug|Win32
		{161544D3-9CBD-44D2-A57B-6C92ECF58829}.Debug|Win32.ActiveCfg = Debug|Win32
		{161544D3-9CBD-44D2-A57B-6C92ECF58829}.Debug|Win32.Build.0 = Debug|Win32
		{161544D3-9CBD-44D2-A57B-6C92ECF58829}.Debug|x64.ActiveCfg = Debug|x64
		{161544D3-9CBD-44D2-A57B-6C92ECF58829}.Debug|x64.Build.0 = Debug|x64
		{161544D3-9CBD-44D2-A57B-6C92ECF58829}.Debug|x86.ActiveCfg = Debug|Win32
		{161544D3-9CBD-44D2-A57B-6C92ECF58829}.Debug|x86.Build.0 = Debug|Win32
		{161544D3-9CBD-44D2-A57B-6C92ECF58829}.Release|Any CPU.ActiveCfg = Release|Win32
		{161544D3-9CBD-44D2-A57B-6C92ECF58829}.Release|Mixed Platforms.ActiveCfg = Release|Win32
		{161544D3-9CBD-44D2-A57B-6C92ECF58829}.Release|Mixed Platforms.Build.0 = Release|Win32
		{161544D3-9CBD-44D2-A57B-6C92ECF58829}.Release|Win32.ActiveCfg = Release|Win32
		{161544D3-9CBD-44D2-A57B-6C92ECF58829}.Release|Win32.Build.0 = Release|Win32
		{161544D3-9CBD-44D2-A57B-6C92ECF58829}.Release|x64.ActiveCfg = Release|x64
		{161544D3-9CBD-44D2-A57B-6C92ECF58829}.Release|x64.Build.0 = Release|x64
		{161544D3-9CBD-44D2-A57B-6C92ECF58829}.Release|x86.ActiveCfg = Release|Win32
		{161544D3-9CBD-44D2-A57B-6C92ECF58829}.Release|x86.Build.0 = Release|Win32
		{D246970C-C067-4F64-9BF2-47335A1F49F5}.Debug|Any CPU.ActiveCfg = Debug|Win32
		{D246970C-C067-4F64-9BF2-47335A1F49F5}.Debug|Mixed Platforms.ActiveCfg = Debug|Win32
		{D246970C-C067-4F64-9BF2-47335A1F49F5}.Debug|Mixed Platforms.Build.0 = Debug|Win32
		{D246970C-C067-4F64-9BF2-47335A1F49F5}.Debug|Win32.ActiveCfg = Debug|Win32
		{D246970C-C067-4F64-9BF2-47335A1F49F5}.Debug|Win32.Build.0 = Debug|Win32
		{D246970C-C067-4F64-9BF2-47335A1F49F5}.Debug|x64.ActiveCfg = Debug|x64
		{D246970C-C067-4F64-9BF2-47335A1F49F5}.Debug|x64.Build.0 = Debug|x64
		{D246970C-C067-4F64-9BF2-47335A1F49F5}.Debug|x86.ActiveCfg = Debug|Win32
		{D246970C-C067-4F64-9BF2-47335A1F49F5}.Debug|x86.Build.0 = Debug|Win32
		{D246970C-C067-4F64-9BF2-47335A1F49F5}.Release|Any CPU.ActiveCfg = Release|Win32
		{D246970C-C067-4F64-9BF2-47335A1F49F5}.Release|Mixed Platforms.ActiveCfg = Release|Win32
		{D246970C-C067-4F64-9BF2-47335A1F49F5}.Release|Mixed Platforms.Build.0 = Release|Win32
		{D246970C-C067-4F64-9BF2-47335A1F49F5}.Release|Win32.ActiveCfg = Release|Win32
		{D246970C-C067-4F64-9BF2-47335A1F49F5}.Release|Win32.Build.0 = Release|Win32
		{D246970C-C067-4F64-9BF2-47335A1F49F5}.Release|x64.ActiveCfg = Release|x64
		{D246970C-C067-4F64-9BF2-47335A1F49F5}.Release|x64.Build.0 = Release|x64
		{D246970C-C067-4F64-9BF2-47335A1F49F5}.Release|x86.ActiveCfg = Release|Win32
		{D246970C-C067-4F64-9BF2-47335A1F49F5}.Release|x86.Build.0 = Release|Win32
		{24D9382E-F633-4427-9323-1E8F2D47C3D5}.Debug|Any CPU.ActiveCfg = Debug|Win32
		{24D9382E-F633-4427-9323-1E8F2D47C3D5}.Debug|Mixed Platforms.ActiveCfg = Debug|Win32
		{24D9382E-F633-4427-9323-1E8F2D47C3D5}.Debug|Mixed Platforms.Build.0 = Debug|Win32
		{24D9382E-F633-4427-9323-1E8F2D47C3D5}.Debug|Win32.ActiveCfg = Debug|Win32
		{24D9382E-F633-4427-9323-1E8F2D47C3D5}.Debug|Win32.Build.0 = Debug|Win32
		{24D9382E-F633-4427-9323-1E8F2D47C3D5}.Debug|x64.ActiveCfg = Debug|x64
		{24D9382E-F633-4427-9323-1E8F2D47C3D5}.Debug|x64.Build.0 = Debug|x64
		{24D9382E-F633-4427-9323-1E8F2D47C3D5}.Debug|x86.ActiveCfg = Debug|Win32
		{24D9382E-F633-4427-9323-1E8F2D47C3D5}.Debug|x86.Build.0 = Debug|Win32
		{24D9382E-F633-4427-9323-1E8F2D47C3D5}.Release|Any CPU.ActiveCfg = Release|Win32
		{24D9382E-F633-4427-9323-1E8F2D47C3D5}.Release|Mixed Platforms.ActiveCfg = Release|Win32
		{24D9382E-F633-4427-9323-1E8F2D47C3D5}.Release|Mixed Platforms.Build.0 = Release|Win32
		{24D9382E-F633-4427-9323-1E8F2D47C3D5}.Release|Win32.ActiveCfg = Release|Win32
		{24D9382E-F633-4427-9323-1E8F2D47C3D5}.Release|Win32.Build.0 = Release|Win32
		{24D9382E-F633-4427-9323-1E8F2D47C3D5}.Release|x64.ActiveCfg = Release|x64
		{24D9382E-F633-4427-9323-1E8F2D47C3D5}.Release|x64.Build.0 = Release|x64
		{24D9382E-F633-4427-9323-1E8F2D47C3D5}.Release|x86.ActiveCfg = Release|Win32
		{24D9382E-F633-4427-9323-1E8F2D47C3D5}.Release|x86.Build.0 = Release|Win32
		{A2E7FF12-B9E7-4276-8120-407A812AC43B}.Debug|Any CPU.ActiveCfg = Debug|Win32
		{A2E7FF12-B9E7-4276-8120-407A812AC43B}.Debug|Mixed Platforms.ActiveCfg = Debug|Win32
		{A2E7FF12-B9E7-4276-8120-407A812AC43B}.Debug|Mixed Platforms.Build.0 = Debug|Win32
		{A2E7FF12-B9E7-4276-8120-407A812AC43B}.Debug|Win32.ActiveCfg = Debug|Win32
		{A2E7FF12-B9E7-4276-8120-407A812AC43B}.Debug|Win32.Build.0 = Debug|Win32
		{A2E7FF12-B9E7-4276-8120-407A812AC43B}.Debug|x64.ActiveCfg = Debug|x64
		{A2E7FF12-B9E7-4276-8120-407A812AC43B}.Debug|x64.Build.0 = Debug|x64
		{A2E7FF12-B9E7-4276-8120-407A812AC43B}.Debug|x86.ActiveCfg = Debug|Win32
		{A2E7FF12-B9E7-4276-8120-407A812AC43B}.Debug|x86.Build.0 = Debug|Win32
		{A2E7FF12-B9E7-4276-8120-407A812AC43B}.Release|Any CPU.ActiveCfg = Release|Win32
		{A2E7FF12-B9E7-4276-8120-407A812AC43B}.Release|Mixed Platforms.ActiveCfg = Release|Win32
		{A2E7FF12-B9E7-4276-8120-407A812AC43B}.Release|Mixed Platforms.Build.0 = Release|Win32
		{A2E7FF12-B9E7-4276-8120-407A812AC43B}.Release|Win32.ActiveCfg = Release|Win32
		{A2E7FF12-B9E7-4276-8120-407A812AC43B}.Release|Win32.Build.0 = Release|Win32
		{A2E7FF12-B9E7-4276-8120-407A812AC43B}.Release|x64.ActiveCfg = Release|x64
		{A2E7FF12-B9E7-4276-8120-407A812AC43B}.Release|x64.Build.0 = Release|x64
		{A2E7FF12-B9E7-4276-8120-407A812AC43B}.Release|x86.ActiveCfg = Release|Win32
		{A2E7FF12-B9E7-4276-8120-407A812AC43B}.Release|x86.Build.0 = Release|Win32
		{7367F92B-5BCB-42F2-A2E4-CBC585A70B7C}.Debug|Any CPU.ActiveCfg = Debug|x86
		{7367F92B-5BCB-42F2-A2E4-CBC585A70B7C}.Debug|Mixed Platforms.ActiveCfg = Debug|x86
		{7367F92B-5BCB-42F2-A2E4-CBC585A70B7C}.Debug|Mixed Platforms.Build.0 = Debug|x86
		{7367F92B-5BCB-42F2-A2E4-CBC585A70B7C}.Debug|Win32.ActiveCfg = Debug|x86
		{7367F92B-5BCB-42F2-A2E4-CBC585A70B7C}.Debug|Win32.Build.0 = Debug|x86
		{7367F92B-5BCB-42F2-A2E4-CBC585A70B7C}.Debug|x64.ActiveCfg = Debug|x64
		{7367F92B-5BCB-42F2-A2E4-CBC585A70B7C}.Debug|x64.Build.0 = Debug|x64
		{7367F92B-5BCB-42F2-A2E4-CBC585A70B7C}.Debug|x86.ActiveCfg = Debug|x86
		{7367F92B-5BCB-42F2-A2E4-CBC585A70B7C}.Debug|x86.Build.0 = Debug|x86
		{7367F92B-5BCB-42F2-A2E4-CBC585A70B7C}.Release|Any CPU.ActiveCfg = Release|x86
		{7367F92B-5BCB-42F2-A2E4-CBC585A70B7C}.Release|Mixed Platforms.ActiveCfg = Release|x86
		{7367F92B-5BCB-42F2-A2E4-CBC585A70B7C}.Release|Mixed Platforms.Build.0 = Release|x86
		{7367F92B-5BCB-42F2-A2E4-CBC585A70B7C}.Release|Win32.ActiveCfg = Release|x86
		{7367F92B-5BCB-42F2-A2E4-CBC585A70B7C}.Release|Win32.Build.0 = Release|x86
		{7367F92B-5BCB-42F2-A2E4-CBC585A70B7C}.Release|x64.ActiveCfg = Release|x64
		{7367F92B-5BCB-42F2-A2E4-CBC585A70B7C}.Release|x64.Build.0 = Release|x64
		{7367F92B-5BCB-42F2-A2E4-CBC585A70B7C}.Release|x86.ActiveCfg = Release|x86
		{7367F92B-5BCB-42F2-A2E4-CBC585A70B7C}.Release|x86.Build.0 = Release|x86
	EndGlobalSection
	GlobalSection(SolutionProperties) = preSolution
		HideSolutionNode = FALSE
	EndGlobalSection
EndGlobal
