<?xml version="1.0" encoding="UTF-8" standalone="yes" ?>
<CodeBlocks_project_file>
	<FileVersion major="1" minor="6" />
	<Project>
		<Option title="ROMAppConsoleTest" />
		<Option pch_mode="2" />
		<Option compiler="gcc" />
		<Build>
			<Target title="Debug">
				<Option output="bin/Debug/ROMAppConsoleTest" prefix_auto="1" extension_auto="1" />
				<Option object_output="obj/Debug/" />
				<Option type="1" />
				<Option compiler="gcc" />
				<Compiler>
					<Add option="-g" />
				</Compiler>
				<Linker>
					<Add library="RelationalObjectModel" />
					<Add library="xml2" />
					<Add library="EDSEngine" />
					<Add library="xslt" />
					<Add library="mozjs185" />
					<Add library="boost_iostreams" />
					<Add library="boost_system" />
					<Add library="pthread" />
					<Add directory="../bin/Debug" />
					<Add directory="../../EDSEngine/bin/Debug" />
				</Linker>
			</Target>
			<Target title="Release">
				<Option output="bin/Release/ROMAppConsoleTest" prefix_auto="1" extension_auto="1" />
				<Option object_output="obj/Release/" />
				<Option type="1" />
				<Option compiler="gcc" />
				<Compiler>
					<Add option="-O2" />
				</Compiler>
				<Linker>
					<Add option="-s" />
					<Add library="RelationalObjectModel" />
					<Add library="xml2" />
					<Add library="EDSEngine" />
					<Add library="xslt" />
					<Add library="mozjs185" />
					<Add library="boost_iostreams" />
					<Add library="boost_system" />
					<Add library="pthread" />
					<Add directory="../bin/Release" />
					<Add directory="../../EDSEngine/bin/Release" />
				</Linker>
			</Target>
		</Build>
		<Compiler>
			<Add option="-std=c++11" />
			<Add option="-Wall" />
			<Add option="-fexceptions" />
			<Add option="-DUSE_LIBXML" />
			<Add option="-DUSE_JAVASCRIPT" />
			<Add option="-DNOPYTHON" />
			<Add option="-DPOSIX" />
			<Add directory="../" />
			<Add directory="../../EDSEngine" />
			<Add directory="/usr/include/libxml2" />
		</Compiler>
		<Unit filename="ROMAppConsoleTest.cpp" />
		<Unit filename="stdafx.cpp" />
		<Unit filename="stdafx.h" />
		<Extensions>
			<code_completion />
			<debugger />
			<DoxyBlocks>
				<comment_style block="0" line="0" />
				<doxyfile_project />
				<doxyfile_build />
				<doxyfile_warnings />
				<doxyfile_output />
				<doxyfile_dot />
				<general />
			</DoxyBlocks>
			<envvars />
		</Extensions>
	</Project>
</CodeBlocks_project_file>
